
Microsoft Visual Studio Solution File, Format Version 12.00
# Visual Studio Version 17
VisualStudioVersion = 17.11.35327.3
MinimumVisualStudioVersion = 10.0.40219.1
Project("{FAE04EC0-301F-11D3-BF4B-00C04F79EFBC}") = "Exercice 14", "Exercice 14\Exercice 14.csproj", "{1240886F-A648-4B38-AD3E-F854040615D5}"
EndProject
Global
	GlobalSection(SolutionConfigurationPlatforms) = preSolution
		Debug|Any CPU = Debug|Any CPU
		Release|Any CPU = Release|Any CPU
	EndGlobalSection
	GlobalSection(ProjectConfigurationPlatforms) = postSolution
		{1240886F-A648-4B38-AD3E-F854040615D5}.Debug|Any CPU.ActiveCfg = Debug|Any CPU
		{1240886F-A648-4B38-AD3E-F854040615D5}.Debug|Any CPU.Build.0 = Debug|Any CPU
		{1240886F-A648-4B38-AD3E-F854040615D5}.Release|Any CPU.ActiveCfg = Release|Any CPU
		{1240886F-A648-4B38-AD3E-F854040615D5}.Release|Any CPU.Build.0 = Release|Any CPU
	EndGlobalSection
	GlobalSection(SolutionProperties) = preSolution
		HideSolutionNode = FALSE
	EndGlobalSection
	GlobalSection(ExtensibilityGlobals) = postSolution
		SolutionGuid = {E4F927FD-3686-4009-B749-E2ACD1DD4D17}
	EndGlobalSection
EndGlobal
