
Microsoft Visual Studio Solution File, Format Version 12.00
# Visual Studio Version 17
VisualStudioVersion = 17.11.35327.3
MinimumVisualStudioVersion = 10.0.40219.1
Project("{FAE04EC0-301F-11D3-BF4B-00C04F79EFBC}") = "Exercie 7", "Exercie 7\Exercie 7.csproj", "{18E6CE01-A1EC-42D9-8778-606955089249}"
EndProject
Global
	GlobalSection(SolutionConfigurationPlatforms) = preSolution
		Debug|Any CPU = Debug|Any CPU
		Release|Any CPU = Release|Any CPU
	EndGlobalSection
	GlobalSection(ProjectConfigurationPlatforms) = postSolution
		{18E6CE01-A1EC-42D9-8778-606955089249}.Debug|Any CPU.ActiveCfg = Debug|Any CPU
		{18E6CE01-A1EC-42D9-8778-606955089249}.Debug|Any CPU.Build.0 = Debug|Any CPU
		{18E6CE01-A1EC-42D9-8778-606955089249}.Release|Any CPU.ActiveCfg = Release|Any CPU
		{18E6CE01-A1EC-42D9-8778-606955089249}.Release|Any CPU.Build.0 = Release|Any CPU
	EndGlobalSection
	GlobalSection(SolutionProperties) = preSolution
		HideSolutionNode = FALSE
	EndGlobalSection
	GlobalSection(ExtensibilityGlobals) = postSolution
		SolutionGuid = {5D6B3284-EB2E-44B8-AB5F-BDCE52B249FE}
	EndGlobalSection
EndGlobal
