
Microsoft Visual Studio Solution File, Format Version 12.00
# Visual Studio Version 17
VisualStudioVersion = 17.11.35327.3
MinimumVisualStudioVersion = 10.0.40219.1
Project("{FAE04EC0-301F-11D3-BF4B-00C04F79EFBC}") = "Exercice 5", "Exercice 5\Exercice 5.csproj", "{A22004FA-3646-452E-A526-E9B2D2ECE35F}"
EndProject
Global
	GlobalSection(SolutionConfigurationPlatforms) = preSolution
		Debug|Any CPU = Debug|Any CPU
		Release|Any CPU = Release|Any CPU
	EndGlobalSection
	GlobalSection(ProjectConfigurationPlatforms) = postSolution
		{A22004FA-3646-452E-A526-E9B2D2ECE35F}.Debug|Any CPU.ActiveCfg = Debug|Any CPU
		{A22004FA-3646-452E-A526-E9B2D2ECE35F}.Debug|Any CPU.Build.0 = Debug|Any CPU
		{A22004FA-3646-452E-A526-E9B2D2ECE35F}.Release|Any CPU.ActiveCfg = Release|Any CPU
		{A22004FA-3646-452E-A526-E9B2D2ECE35F}.Release|Any CPU.Build.0 = Release|Any CPU
	EndGlobalSection
	GlobalSection(SolutionProperties) = preSolution
		HideSolutionNode = FALSE
	EndGlobalSection
	GlobalSection(ExtensibilityGlobals) = postSolution
		SolutionGuid = {D9E61E3E-96F9-41EF-8740-E813D3371BED}
	EndGlobalSection
EndGlobal
